
Microsoft Visual Studio Solution File, Format Version 12.00
# Visual Studio Version 16
VisualStudioVersion = 16.0.30413.136
MinimumVisualStudioVersion = 10.0.40219.1
Project("{FAE04EC0-301F-11D3-BF4B-00C04F79EFBC}") = "avatool-blank-template", "avatool-blank-template.csproj", "{535F4B07-FB73-491E-8430-272F667687C0}"
EndProject
Global
	GlobalSection(SolutionConfigurationPlatforms) = preSolution
		Debug|Any CPU = Debug|Any CPU
		Release|Any CPU = Release|Any CPU
	EndGlobalSection
	GlobalSection(ProjectConfigurationPlatforms) = postSolution
		{535F4B07-FB73-491E-8430-272F667687C0}.Debug|Any CPU.ActiveCfg = Debug|Any CPU
		{535F4B07-FB73-491E-8430-272F667687C0}.Debug|Any CPU.Build.0 = Debug|Any CPU
		{535F4B07-FB73-491E-8430-272F667687C0}.Release|Any CPU.ActiveCfg = Release|Any CPU
		{535F4B07-FB73-491E-8430-272F667687C0}.Release|Any CPU.Build.0 = Release|Any CPU
	EndGlobalSection
	GlobalSection(SolutionProperties) = preSolution
		HideSolutionNode = FALSE
	EndGlobalSection
	GlobalSection(ExtensibilityGlobals) = postSolution
		SolutionGuid = {7A0B7AEE-2C4E-4E25-8A0C-9487CD8DB2AA}
	EndGlobalSection
EndGlobal
